
Microsoft Visual Studio Solution File, Format Version 12.00
# Visual Studio Version 17
VisualStudioVersion = 17.10.35027.167
MinimumVisualStudioVersion = 10.0.40219.1
Project("{FAE04EC0-301F-11D3-BF4B-00C04F79EFBC}") = "EmployeeAPI", "EmployeeAPI\EmployeeAPI.csproj", "{EF2CDAF0-6988-49D3-9A1E-15BC48D31387}"
EndProject
Project("{FAE04EC0-301F-11D3-BF4B-00C04F79EFBC}") = "EmployeeAPI.Data", "EmployeeAPI.Data\EmployeeAPI.Data.csproj", "{860C817E-4A88-415D-94C7-E3A7E0532099}"
EndProject
Project("{FAE04EC0-301F-11D3-BF4B-00C04F79EFBC}") = "EmployeeAPI.Services", "EmployeeAPI.Services\EmployeeAPI.Services.csproj", "{BC4ADA85-D549-4A30-BEB6-A4B40439D239}"
EndProject
Global
	GlobalSection(SolutionConfigurationPlatforms) = preSolution
		Debug|Any CPU = Debug|Any CPU
		Release|Any CPU = Release|Any CPU
	EndGlobalSection
	GlobalSection(ProjectConfigurationPlatforms) = postSolution
		{EF2CDAF0-6988-49D3-9A1E-15BC48D31387}.Debug|Any CPU.ActiveCfg = Debug|Any CPU
		{EF2CDAF0-6988-49D3-9A1E-15BC48D31387}.Debug|Any CPU.Build.0 = Debug|Any CPU
		{EF2CDAF0-6988-49D3-9A1E-15BC48D31387}.Release|Any CPU.ActiveCfg = Release|Any CPU
		{EF2CDAF0-6988-49D3-9A1E-15BC48D31387}.Release|Any CPU.Build.0 = Release|Any CPU
		{860C817E-4A88-415D-94C7-E3A7E0532099}.Debug|Any CPU.ActiveCfg = Debug|Any CPU
		{860C817E-4A88-415D-94C7-E3A7E0532099}.Debug|Any CPU.Build.0 = Debug|Any CPU
		{860C817E-4A88-415D-94C7-E3A7E0532099}.Release|Any CPU.ActiveCfg = Release|Any CPU
		{860C817E-4A88-415D-94C7-E3A7E0532099}.Release|Any CPU.Build.0 = Release|Any CPU
		{BC4ADA85-D549-4A30-BEB6-A4B40439D239}.Debug|Any CPU.ActiveCfg = Debug|Any CPU
		{BC4ADA85-D549-4A30-BEB6-A4B40439D239}.Debug|Any CPU.Build.0 = Debug|Any CPU
		{BC4ADA85-D549-4A30-BEB6-A4B40439D239}.Release|Any CPU.ActiveCfg = Release|Any CPU
		{BC4ADA85-D549-4A30-BEB6-A4B40439D239}.Release|Any CPU.Build.0 = Release|Any CPU
	EndGlobalSection
	GlobalSection(SolutionProperties) = preSolution
		HideSolutionNode = FALSE
	EndGlobalSection
	GlobalSection(ExtensibilityGlobals) = postSolution
		SolutionGuid = {F06751BB-2135-4C66-B2D2-D7E0600B4E13}
	EndGlobalSection
EndGlobal
